{
  "lockfile_version": "1",
  "packages": {
    "github:NixOS/nixpkgs/nixpkgs-unstable": {
      "resolved": "github:NixOS/nixpkgs/3a05eebede89661660945da1f151959900903b6a?lastModified=1740547748&narHash=sha256-Ly2fBL1LscV%2BKyCqPRufUBuiw%2BzmWrlJzpWOWbahplg%3D"
    },
    "go-task@latest": {
      "last_modified": "2025-02-07T11:26:36Z",
      "resolved": "github:NixOS/nixpkgs/d98abf5cf5914e5e4e9d57205e3af55ca90ffc1d#go-task",
      "source": "devbox-search",
      "version": "3.41.0",
      "systems": {
        "aarch64-darwin": {
          "outputs": [
            {
              "name": "out",
              "path": "/nix/store/m0zc229zl4nfi9800dvxikyp31davmgl-go-task-3.41.0",
              "default": true
            }
          ],
          "store_path": "/nix/store/m0zc229zl4nfi9800dvxikyp31davmgl-go-task-3.41.0"
        },
        "aarch64-linux": {
          "outputs": [
            {
              "name": "out",
              "path": "/nix/store/3yg6irq9bdr34krjp0nbrrpd8gzfr4ag-go-task-3.41.0",
              "default": true
            }
          ],
          "store_path": "/nix/store/3yg6irq9bdr34krjp0nbrrpd8gzfr4ag-go-task-3.41.0"
        },
        "x86_64-darwin": {
          "outputs": [
            {
              "name": "out",
              "path": "/nix/store/slgvld5bfxl4caqi5jwwd583ay12cikj-go-task-3.41.0",
              "default": true
            }
          ],
          "store_path": "/nix/store/slgvld5bfxl4caqi5jwwd583ay12cikj-go-task-3.41.0"
        },
        "x86_64-linux": {
          "outputs": [
            {
              "name": "out",
              "path": "/nix/store/jn35gb9isnqzr9mfwhmig40c6iflmadz-go-task-3.41.0",
              "default": true
            }
          ],
          "store_path": "/nix/store/jn35gb9isnqzr9mfwhmig40c6iflmadz-go-task-3.41.0"
        }
      }
    },
    "go@latest": {
      "last_modified": "2025-02-12T00:10:52Z",
      "resolved": "github:NixOS/nixpkgs/83a2581c81ff5b06f7c1a4e7cc736a455dfcf7b4#go_1_24",
      "source": "devbox-search",
      "version": "1.24.0",
      "systems": {
        "aarch64-darwin": {
          "outputs": [
            {
              "name": "out",
              "path": "/nix/store/qldcnifalkvyah0wnv7m4zb854yd9l88-go-1.24.0",
              "default": true
            }
          ],
          "store_path": "/nix/store/qldcnifalkvyah0wnv7m4zb854yd9l88-go-1.24.0"
        },
        "aarch64-linux": {
          "outputs": [
            {
              "name": "out",
              "path": "/nix/store/rrxgml7w4pfmibjbspkdvrw8vd2vnarb-go-1.24.0",
              "default": true
            }
          ],
          "store_path": "/nix/store/rrxgml7w4pfmibjbspkdvrw8vd2vnarb-go-1.24.0"
        },
        "x86_64-darwin": {
          "outputs": [
            {
              "name": "out",
              "path": "/nix/store/7imv22pl4qrjwvi6jzlfb305rc2min45-go-1.24.0",
              "default": true
            }
          ],
          "store_path": "/nix/store/7imv22pl4qrjwvi6jzlfb305rc2min45-go-1.24.0"
        },
        "x86_64-linux": {
          "outputs": [
            {
              "name": "out",
              "path": "/nix/store/vh5d5bj1sljdhdypy80x1ydx2jx6rv2q-go-1.24.0",
              "default": true
            }
          ],
          "store_path": "/nix/store/vh5d5bj1sljdhdypy80x1ydx2jx6rv2q-go-1.24.0"
        }
      }
    }
  }
}
